// !$*UTF8*$!
{
	archiveVersion = 1;
	classes = {
	};
	objectVersion = 51;
	objects = {

/* Begin PBXBuildFile section */
		9A22BE7BAF0963CD4574D842 /* Pods_Dante_Patient.framework in Frameworks */ = {isa = PBXBuildFile; fileRef = DF107DC56C320E2FE372B743 /* Pods_Dante_Patient.framework */; };
		DB4A0EE522D5CC3B00F6EC57 /* SignInViewController.swift in Sources */ = {isa = PBXBuildFile; fileRef = DB4A0EE422D5CC3B00F6EC57 /* SignInViewController.swift */; };
		DB4CF8E122E3994C00F50A41 /* TimeTrackingViewController.swift in Sources */ = {isa = PBXBuildFile; fileRef = DB4CF8E022E3994C00F50A41 /* TimeTrackingViewController.swift */; };
		DB4CF8E322E3D83400F50A41 /* CurrRoomTableViewCell.swift in Sources */ = {isa = PBXBuildFile; fileRef = DB4CF8E222E3D83400F50A41 /* CurrRoomTableViewCell.swift */; };
		DB4CF8E522E3D85B00F50A41 /* PrevRoomsTableViewCell.swift in Sources */ = {isa = PBXBuildFile; fileRef = DB4CF8E422E3D85B00F50A41 /* PrevRoomsTableViewCell.swift */; };
		DB837A2A22D9CF0A003F3A4E /* TouchIDAuthentication.swift in Sources */ = {isa = PBXBuildFile; fileRef = DB837A2922D9CF0A003F3A4E /* TouchIDAuthentication.swift */; };
		DBA8118022DA96BD006CE057 /* ProfileViewController.swift in Sources */ = {isa = PBXBuildFile; fileRef = DBA8117F22DA96BD006CE057 /* ProfileViewController.swift */; };
		DBA8118322DABADB006CE057 /* ActivateAcctViewController.swift in Sources */ = {isa = PBXBuildFile; fileRef = DBA8118222DABADB006CE057 /* ActivateAcctViewController.swift */; };
		DBA917C622D939560088A520 /* PinRefViewController.swift in Sources */ = {isa = PBXBuildFile; fileRef = DBA917C522D939560088A520 /* PinRefViewController.swift */; };
		DBA917C822D93A2B0088A520 /* PinRefTableViewCell.swift in Sources */ = {isa = PBXBuildFile; fileRef = DBA917C722D93A2B0088A520 /* PinRefTableViewCell.swift */; };
		DBCCC64822CB292500B00A68 /* AppDelegate.swift in Sources */ = {isa = PBXBuildFile; fileRef = DBCCC64722CB292500B00A68 /* AppDelegate.swift */; };
		DBCCC64A22CB292500B00A68 /* OncMapViewController.swift in Sources */ = {isa = PBXBuildFile; fileRef = DBCCC64922CB292500B00A68 /* OncMapViewController.swift */; };
		DBCCC64D22CB292500B00A68 /* Main.storyboard in Resources */ = {isa = PBXBuildFile; fileRef = DBCCC64B22CB292500B00A68 /* Main.storyboard */; };
		DBCCC64F22CB292900B00A68 /* Assets.xcassets in Resources */ = {isa = PBXBuildFile; fileRef = DBCCC64E22CB292900B00A68 /* Assets.xcassets */; };
		DBCCC65222CB292900B00A68 /* LaunchScreen.storyboard in Resources */ = {isa = PBXBuildFile; fileRef = DBCCC65022CB292900B00A68 /* LaunchScreen.storyboard */; };
		DBCCC65A22CB412700B00A68 /* UIViewExtension.swift in Sources */ = {isa = PBXBuildFile; fileRef = DBCCC65922CB412700B00A68 /* UIViewExtension.swift */; };
		DBF45F1922E41DDD00A18C7B /* UITextFieldExtension.swift in Sources */ = {isa = PBXBuildFile; fileRef = DBF45F1822E41DDD00A18C7B /* UITextFieldExtension.swift */; };
		DBF45F1B22E41E0300A18C7B /* UIButtonExtension.swift in Sources */ = {isa = PBXBuildFile; fileRef = DBF45F1A22E41E0300A18C7B /* UIButtonExtension.swift */; };
		DBF45F1D22E41E2F00A18C7B /* UIViewControllerExtension.swift in Sources */ = {isa = PBXBuildFile; fileRef = DBF45F1C22E41E2F00A18C7B /* UIViewControllerExtension.swift */; };
		DBF45F2722E4603300A18C7B /* Poppins-Light.ttf in Resources */ = {isa = PBXBuildFile; fileRef = DBF45F1E22E4603300A18C7B /* Poppins-Light.ttf */; };
		DBF45F2822E4603300A18C7B /* Rubik-Medium.ttf in Resources */ = {isa = PBXBuildFile; fileRef = DBF45F1F22E4603300A18C7B /* Rubik-Medium.ttf */; };
		DBF45F2922E4603300A18C7B /* Poppins-Italic.ttf in Resources */ = {isa = PBXBuildFile; fileRef = DBF45F2022E4603300A18C7B /* Poppins-Italic.ttf */; };
		DBF45F2A22E4603300A18C7B /* Poppins-Bold.ttf in Resources */ = {isa = PBXBuildFile; fileRef = DBF45F2122E4603300A18C7B /* Poppins-Bold.ttf */; };
		DBF45F2B22E4603300A18C7B /* Rubik-Italic.ttf in Resources */ = {isa = PBXBuildFile; fileRef = DBF45F2222E4603300A18C7B /* Rubik-Italic.ttf */; };
		DBF45F2C22E4603300A18C7B /* Poppins-Regular.ttf in Resources */ = {isa = PBXBuildFile; fileRef = DBF45F2322E4603300A18C7B /* Poppins-Regular.ttf */; };
		DBF45F2D22E4603300A18C7B /* Rubik-Bold.ttf in Resources */ = {isa = PBXBuildFile; fileRef = DBF45F2422E4603300A18C7B /* Rubik-Bold.ttf */; };
		DBF45F2E22E4603300A18C7B /* Rubik-Regular.ttf in Resources */ = {isa = PBXBuildFile; fileRef = DBF45F2522E4603300A18C7B /* Rubik-Regular.ttf */; };
		DBF45F2F22E4603300A18C7B /* Poppins-SemiBold.ttf in Resources */ = {isa = PBXBuildFile; fileRef = DBF45F2622E4603300A18C7B /* Poppins-SemiBold.ttf */; };
		DBF45F3122E4614A00A18C7B /* GoogleService-Info.plist in Resources */ = {isa = PBXBuildFile; fileRef = DBF45F3022E4614A00A18C7B /* GoogleService-Info.plist */; };
		DBF45F3422E466E300A18C7B /* VisitsHistoryViewController.swift in Sources */ = {isa = PBXBuildFile; fileRef = DBF45F3322E466E300A18C7B /* VisitsHistoryViewController.swift */; };
		DBF45F3622E4671400A18C7B /* DateCollectionViewCell.swift in Sources */ = {isa = PBXBuildFile; fileRef = DBF45F3522E4671400A18C7B /* DateCollectionViewCell.swift */; };
		DBFF5B7A22E1A12700DFDA43 /* Beacons.swift in Sources */ = {isa = PBXBuildFile; fileRef = DBFF5B7922E1A12700DFDA43 /* Beacons.swift */; };
/* End PBXBuildFile section */

/* Begin PBXFileReference section */
		73DAB50266CD4D0CEF54150A /* Pods-Dante Patient.release.xcconfig */ = {isa = PBXFileReference; includeInIndex = 1; lastKnownFileType = text.xcconfig; name = "Pods-Dante Patient.release.xcconfig"; path = "Pods/Target Support Files/Pods-Dante Patient/Pods-Dante Patient.release.xcconfig"; sourceTree = "<group>"; };
		9E5D9A74D41EC12E8A1CF669 /* Pods-Dante Patient.debug.xcconfig */ = {isa = PBXFileReference; includeInIndex = 1; lastKnownFileType = text.xcconfig; name = "Pods-Dante Patient.debug.xcconfig"; path = "Pods/Target Support Files/Pods-Dante Patient/Pods-Dante Patient.debug.xcconfig"; sourceTree = "<group>"; };
		DB4A0EE422D5CC3B00F6EC57 /* SignInViewController.swift */ = {isa = PBXFileReference; lastKnownFileType = sourcecode.swift; path = SignInViewController.swift; sourceTree = "<group>"; };
		DB4CF8E022E3994C00F50A41 /* TimeTrackingViewController.swift */ = {isa = PBXFileReference; lastKnownFileType = sourcecode.swift; path = TimeTrackingViewController.swift; sourceTree = "<group>"; };
		DB4CF8E222E3D83400F50A41 /* CurrRoomTableViewCell.swift */ = {isa = PBXFileReference; lastKnownFileType = sourcecode.swift; path = CurrRoomTableViewCell.swift; sourceTree = "<group>"; };
		DB4CF8E422E3D85B00F50A41 /* PrevRoomsTableViewCell.swift */ = {isa = PBXFileReference; lastKnownFileType = sourcecode.swift; path = PrevRoomsTableViewCell.swift; sourceTree = "<group>"; };
		DB837A2922D9CF0A003F3A4E /* TouchIDAuthentication.swift */ = {isa = PBXFileReference; lastKnownFileType = sourcecode.swift; path = TouchIDAuthentication.swift; sourceTree = "<group>"; };
		DBA8117F22DA96BD006CE057 /* ProfileViewController.swift */ = {isa = PBXFileReference; lastKnownFileType = sourcecode.swift; path = ProfileViewController.swift; sourceTree = "<group>"; };
		DBA8118222DABADB006CE057 /* ActivateAcctViewController.swift */ = {isa = PBXFileReference; lastKnownFileType = sourcecode.swift; path = ActivateAcctViewController.swift; sourceTree = "<group>"; };
		DBA917C522D939560088A520 /* PinRefViewController.swift */ = {isa = PBXFileReference; lastKnownFileType = sourcecode.swift; path = PinRefViewController.swift; sourceTree = "<group>"; };
		DBA917C722D93A2B0088A520 /* PinRefTableViewCell.swift */ = {isa = PBXFileReference; lastKnownFileType = sourcecode.swift; path = PinRefTableViewCell.swift; sourceTree = "<group>"; };
		DBCCC64422CB292500B00A68 /* Dante Patient.app */ = {isa = PBXFileReference; explicitFileType = wrapper.application; includeInIndex = 0; path = "Dante Patient.app"; sourceTree = BUILT_PRODUCTS_DIR; };
		DBCCC64722CB292500B00A68 /* AppDelegate.swift */ = {isa = PBXFileReference; lastKnownFileType = sourcecode.swift; path = AppDelegate.swift; sourceTree = "<group>"; };
		DBCCC64922CB292500B00A68 /* OncMapViewController.swift */ = {isa = PBXFileReference; lastKnownFileType = sourcecode.swift; path = OncMapViewController.swift; sourceTree = "<group>"; };
		DBCCC64C22CB292500B00A68 /* Base */ = {isa = PBXFileReference; lastKnownFileType = file.storyboard; name = Base; path = Base.lproj/Main.storyboard; sourceTree = "<group>"; };
		DBCCC64E22CB292900B00A68 /* Assets.xcassets */ = {isa = PBXFileReference; lastKnownFileType = folder.assetcatalog; path = Assets.xcassets; sourceTree = "<group>"; };
		DBCCC65122CB292900B00A68 /* Base */ = {isa = PBXFileReference; lastKnownFileType = file.storyboard; name = Base; path = Base.lproj/LaunchScreen.storyboard; sourceTree = "<group>"; };
		DBCCC65322CB292900B00A68 /* Info.plist */ = {isa = PBXFileReference; lastKnownFileType = text.plist.xml; path = Info.plist; sourceTree = "<group>"; };
		DBCCC65922CB412700B00A68 /* UIViewExtension.swift */ = {isa = PBXFileReference; lastKnownFileType = sourcecode.swift; path = UIViewExtension.swift; sourceTree = "<group>"; };
		DBEC145722DBADF30039FE3B /* DantePatient-Bridging-Header.h */ = {isa = PBXFileReference; lastKnownFileType = sourcecode.c.h; path = "DantePatient-Bridging-Header.h"; sourceTree = "<group>"; };
		DBF45F1822E41DDD00A18C7B /* UITextFieldExtension.swift */ = {isa = PBXFileReference; lastKnownFileType = sourcecode.swift; path = UITextFieldExtension.swift; sourceTree = "<group>"; };
		DBF45F1A22E41E0300A18C7B /* UIButtonExtension.swift */ = {isa = PBXFileReference; lastKnownFileType = sourcecode.swift; path = UIButtonExtension.swift; sourceTree = "<group>"; };
		DBF45F1C22E41E2F00A18C7B /* UIViewControllerExtension.swift */ = {isa = PBXFileReference; lastKnownFileType = sourcecode.swift; path = UIViewControllerExtension.swift; sourceTree = "<group>"; };
		DBF45F1E22E4603300A18C7B /* Poppins-Light.ttf */ = {isa = PBXFileReference; lastKnownFileType = file; path = "Poppins-Light.ttf"; sourceTree = "<group>"; };
		DBF45F1F22E4603300A18C7B /* Rubik-Medium.ttf */ = {isa = PBXFileReference; lastKnownFileType = file; path = "Rubik-Medium.ttf"; sourceTree = "<group>"; };
		DBF45F2022E4603300A18C7B /* Poppins-Italic.ttf */ = {isa = PBXFileReference; lastKnownFileType = file; path = "Poppins-Italic.ttf"; sourceTree = "<group>"; };
		DBF45F2122E4603300A18C7B /* Poppins-Bold.ttf */ = {isa = PBXFileReference; lastKnownFileType = file; path = "Poppins-Bold.ttf"; sourceTree = "<group>"; };
		DBF45F2222E4603300A18C7B /* Rubik-Italic.ttf */ = {isa = PBXFileReference; lastKnownFileType = file; path = "Rubik-Italic.ttf"; sourceTree = "<group>"; };
		DBF45F2322E4603300A18C7B /* Poppins-Regular.ttf */ = {isa = PBXFileReference; lastKnownFileType = file; path = "Poppins-Regular.ttf"; sourceTree = "<group>"; };
		DBF45F2422E4603300A18C7B /* Rubik-Bold.ttf */ = {isa = PBXFileReference; lastKnownFileType = file; path = "Rubik-Bold.ttf"; sourceTree = "<group>"; };
		DBF45F2522E4603300A18C7B /* Rubik-Regular.ttf */ = {isa = PBXFileReference; lastKnownFileType = file; path = "Rubik-Regular.ttf"; sourceTree = "<group>"; };
		DBF45F2622E4603300A18C7B /* Poppins-SemiBold.ttf */ = {isa = PBXFileReference; lastKnownFileType = file; path = "Poppins-SemiBold.ttf"; sourceTree = "<group>"; };
		DBF45F3022E4614A00A18C7B /* GoogleService-Info.plist */ = {isa = PBXFileReference; fileEncoding = 4; lastKnownFileType = text.plist.xml; path = "GoogleService-Info.plist"; sourceTree = "<group>"; };
		DBF45F3322E466E300A18C7B /* VisitsHistoryViewController.swift */ = {isa = PBXFileReference; lastKnownFileType = sourcecode.swift; path = VisitsHistoryViewController.swift; sourceTree = "<group>"; };
		DBF45F3522E4671400A18C7B /* DateCollectionViewCell.swift */ = {isa = PBXFileReference; lastKnownFileType = sourcecode.swift; path = DateCollectionViewCell.swift; sourceTree = "<group>"; };
		DBFF5B7922E1A12700DFDA43 /* Beacons.swift */ = {isa = PBXFileReference; lastKnownFileType = sourcecode.swift; path = Beacons.swift; sourceTree = "<group>"; };
		DF107DC56C320E2FE372B743 /* Pods_Dante_Patient.framework */ = {isa = PBXFileReference; explicitFileType = wrapper.framework; includeInIndex = 0; path = Pods_Dante_Patient.framework; sourceTree = BUILT_PRODUCTS_DIR; };
/* End PBXFileReference section */

/* Begin PBXFrameworksBuildPhase section */
		DBCCC64122CB292500B00A68 /* Frameworks */ = {
			isa = PBXFrameworksBuildPhase;
			buildActionMask = 2147483647;
			files = (
				9A22BE7BAF0963CD4574D842 /* Pods_Dante_Patient.framework in Frameworks */,
			);
			runOnlyForDeploymentPostprocessing = 0;
		};
/* End PBXFrameworksBuildPhase section */

/* Begin PBXGroup section */
		8D8962F879939E64B9982094 /* Pods */ = {
			isa = PBXGroup;
			children = (
				9E5D9A74D41EC12E8A1CF669 /* Pods-Dante Patient.debug.xcconfig */,
				73DAB50266CD4D0CEF54150A /* Pods-Dante Patient.release.xcconfig */,
			);
			name = Pods;
			sourceTree = "<group>";
		};
		D75D38ED92EEACD18040A132 /* Frameworks */ = {
			isa = PBXGroup;
			children = (
				DF107DC56C320E2FE372B743 /* Pods_Dante_Patient.framework */,
			);
			name = Frameworks;
			sourceTree = "<group>";
		};
		DB4CF8DF22E3991F00F50A41 /* Time Tracking */ = {
			isa = PBXGroup;
			children = (
				DBFF5B7922E1A12700DFDA43 /* Beacons.swift */,
				DB4CF8E022E3994C00F50A41 /* TimeTrackingViewController.swift */,
				DB4CF8E222E3D83400F50A41 /* CurrRoomTableViewCell.swift */,
				DB4CF8E422E3D85B00F50A41 /* PrevRoomsTableViewCell.swift */,
			);
			path = "Time Tracking";
			sourceTree = "<group>";
		};
		DB5BCF6A22D5B98E004237E9 /* Fonts */ = {
			isa = PBXGroup;
			children = (
				DBF45F2122E4603300A18C7B /* Poppins-Bold.ttf */,
				DBF45F2022E4603300A18C7B /* Poppins-Italic.ttf */,
				DBF45F1E22E4603300A18C7B /* Poppins-Light.ttf */,
				DBF45F2322E4603300A18C7B /* Poppins-Regular.ttf */,
				DBF45F2622E4603300A18C7B /* Poppins-SemiBold.ttf */,
				DBF45F2422E4603300A18C7B /* Rubik-Bold.ttf */,
				DBF45F2222E4603300A18C7B /* Rubik-Italic.ttf */,
				DBF45F1F22E4603300A18C7B /* Rubik-Medium.ttf */,
				DBF45F2522E4603300A18C7B /* Rubik-Regular.ttf */,
			);
			path = Fonts;
			sourceTree = "<group>";
		};
		DB837A2822D9CEB7003F3A4E /* Sign In */ = {
			isa = PBXGroup;
			children = (
				DB4A0EE422D5CC3B00F6EC57 /* SignInViewController.swift */,
				DB837A2922D9CF0A003F3A4E /* TouchIDAuthentication.swift */,
			);
			path = "Sign In";
			sourceTree = "<group>";
		};
		DBA8117E22DA9693006CE057 /* Profile */ = {
			isa = PBXGroup;
			children = (
				DBA8117F22DA96BD006CE057 /* ProfileViewController.swift */,
			);
			path = Profile;
			sourceTree = "<group>";
		};
		DBA8118122DABA9F006CE057 /* Sign Up */ = {
			isa = PBXGroup;
			children = (
				DBA8118222DABADB006CE057 /* ActivateAcctViewController.swift */,
			);
			path = "Sign Up";
			sourceTree = "<group>";
		};
		DBA917C922D93A440088A520 /* Oncology Map */ = {
			isa = PBXGroup;
			children = (
				DBCCC64922CB292500B00A68 /* OncMapViewController.swift */,
				DBA917C522D939560088A520 /* PinRefViewController.swift */,
				DBA917C722D93A2B0088A520 /* PinRefTableViewCell.swift */,
			);
			path = "Oncology Map";
			sourceTree = "<group>";
		};
		DBCCC63B22CB292500B00A68 = {
			isa = PBXGroup;
			children = (
				DBCCC64622CB292500B00A68 /* Dante Patient */,
				DBCCC64522CB292500B00A68 /* Products */,
				8D8962F879939E64B9982094 /* Pods */,
				D75D38ED92EEACD18040A132 /* Frameworks */,
			);
			sourceTree = "<group>";
		};
		DBCCC64522CB292500B00A68 /* Products */ = {
			isa = PBXGroup;
			children = (
				DBCCC64422CB292500B00A68 /* Dante Patient.app */,
			);
			name = Products;
			sourceTree = "<group>";
		};
		DBCCC64622CB292500B00A68 /* Dante Patient */ = {
			isa = PBXGroup;
			children = (
				DBCCC64722CB292500B00A68 /* AppDelegate.swift */,
				DB4CF8DF22E3991F00F50A41 /* Time Tracking */,
				DB837A2822D9CEB7003F3A4E /* Sign In */,
				DBA8118122DABA9F006CE057 /* Sign Up */,
				DBA917C922D93A440088A520 /* Oncology Map */,
				DBA8117E22DA9693006CE057 /* Profile */,
				DBF45F3222E4667A00A18C7B /* Statistics */,
				DBF45F1522E41D4D00A18C7B /* Utilities */,
				DBCCC64B22CB292500B00A68 /* Main.storyboard */,
				DBCCC64E22CB292900B00A68 /* Assets.xcassets */,
				DBCCC65022CB292900B00A68 /* LaunchScreen.storyboard */,
				DBCCC65322CB292900B00A68 /* Info.plist */,
				DBF45F3022E4614A00A18C7B /* GoogleService-Info.plist */,
				DB5BCF6A22D5B98E004237E9 /* Fonts */,
				DBEC145722DBADF30039FE3B /* DantePatient-Bridging-Header.h */,
			);
			path = "Dante Patient";
			sourceTree = "<group>";
		};
		DBF45F1522E41D4D00A18C7B /* Utilities */ = {
			isa = PBXGroup;
			children = (
				DBCCC65922CB412700B00A68 /* UIViewExtension.swift */,
				DBF45F1822E41DDD00A18C7B /* UITextFieldExtension.swift */,
				DBF45F1A22E41E0300A18C7B /* UIButtonExtension.swift */,
				DBF45F1C22E41E2F00A18C7B /* UIViewControllerExtension.swift */,
			);
			path = Utilities;
			sourceTree = "<group>";
		};
		DBF45F3222E4667A00A18C7B /* Statistics */ = {
			isa = PBXGroup;
			children = (
				DBF45F3322E466E300A18C7B /* VisitsHistoryViewController.swift */,
				DBF45F3522E4671400A18C7B /* DateCollectionViewCell.swift */,
			);
			path = Statistics;
			sourceTree = "<group>";
		};
/* End PBXGroup section */

/* Begin PBXNativeTarget section */
		DBCCC64322CB292500B00A68 /* Dante Patient */ = {
			isa = PBXNativeTarget;
			buildConfigurationList = DBCCC65622CB292900B00A68 /* Build configuration list for PBXNativeTarget "Dante Patient" */;
			buildPhases = (
				4D21B2C6D4E1E8722FBEE1A6 /* [CP] Check Pods Manifest.lock */,
				DBCCC64022CB292500B00A68 /* Sources */,
				DBCCC64122CB292500B00A68 /* Frameworks */,
				DBCCC64222CB292500B00A68 /* Resources */,
				076E267C5445EB7FA9C60631 /* [CP] Embed Pods Frameworks */,
			);
			buildRules = (
			);
			dependencies = (
			);
			name = "Dante Patient";
			productName = "Dante Patient";
			productReference = DBCCC64422CB292500B00A68 /* Dante Patient.app */;
			productType = "com.apple.product-type.application";
		};
/* End PBXNativeTarget section */

/* Begin PBXProject section */
		DBCCC63C22CB292500B00A68 /* Project object */ = {
			isa = PBXProject;
			attributes = {
				LastSwiftUpdateCheck = 1020;
				LastUpgradeCheck = 1020;
				ORGANIZATIONNAME = "Xinhao Liang";
				TargetAttributes = {
					DBCCC64322CB292500B00A68 = {
						CreatedOnToolsVersion = 10.2.1;
						SystemCapabilities = {
							com.apple.BackgroundModes = {
								enabled = 1;
							};
						};
					};
				};
			};
			buildConfigurationList = DBCCC63F22CB292500B00A68 /* Build configuration list for PBXProject "Dante Patient" */;
			compatibilityVersion = "Xcode 9.3";
			developmentRegion = en;
			hasScannedForEncodings = 0;
			knownRegions = (
				en,
				Base,
			);
			mainGroup = DBCCC63B22CB292500B00A68;
			productRefGroup = DBCCC64522CB292500B00A68 /* Products */;
			projectDirPath = "";
			projectRoot = "";
			targets = (
				DBCCC64322CB292500B00A68 /* Dante Patient */,
			);
		};
/* End PBXProject section */

/* Begin PBXResourcesBuildPhase section */
		DBCCC64222CB292500B00A68 /* Resources */ = {
			isa = PBXResourcesBuildPhase;
			buildActionMask = 2147483647;
			files = (
				DBF45F3122E4614A00A18C7B /* GoogleService-Info.plist in Resources */,
				DBF45F2D22E4603300A18C7B /* Rubik-Bold.ttf in Resources */,
				DBF45F2E22E4603300A18C7B /* Rubik-Regular.ttf in Resources */,
				DBCCC65222CB292900B00A68 /* LaunchScreen.storyboard in Resources */,
				DBF45F2722E4603300A18C7B /* Poppins-Light.ttf in Resources */,
				DBF45F2F22E4603300A18C7B /* Poppins-SemiBold.ttf in Resources */,
				DBF45F2922E4603300A18C7B /* Poppins-Italic.ttf in Resources */,
				DBF45F2A22E4603300A18C7B /* Poppins-Bold.ttf in Resources */,
				DBF45F2B22E4603300A18C7B /* Rubik-Italic.ttf in Resources */,
				DBF45F2822E4603300A18C7B /* Rubik-Medium.ttf in Resources */,
				DBCCC64F22CB292900B00A68 /* Assets.xcassets in Resources */,
				DBCCC64D22CB292500B00A68 /* Main.storyboard in Resources */,
				DBF45F2C22E4603300A18C7B /* Poppins-Regular.ttf in Resources */,
			);
			runOnlyForDeploymentPostprocessing = 0;
		};
/* End PBXResourcesBuildPhase section */

/* Begin PBXShellScriptBuildPhase section */
		076E267C5445EB7FA9C60631 /* [CP] Embed Pods Frameworks */ = {
			isa = PBXShellScriptBuildPhase;
			buildActionMask = 2147483647;
			files = (
			);
			inputFileListPaths = (
				"${PODS_ROOT}/Target Support Files/Pods-Dante Patient/Pods-Dante Patient-frameworks-${CONFIGURATION}-input-files.xcfilelist",
			);
			name = "[CP] Embed Pods Frameworks";
			outputFileListPaths = (
				"${PODS_ROOT}/Target Support Files/Pods-Dante Patient/Pods-Dante Patient-frameworks-${CONFIGURATION}-output-files.xcfilelist",
			);
			runOnlyForDeploymentPostprocessing = 0;
			shellPath = /bin/sh;
			shellScript = "\"${PODS_ROOT}/Target Support Files/Pods-Dante Patient/Pods-Dante Patient-frameworks.sh\"\n";
			showEnvVarsInLog = 0;
		};
		4D21B2C6D4E1E8722FBEE1A6 /* [CP] Check Pods Manifest.lock */ = {
			isa = PBXShellScriptBuildPhase;
			buildActionMask = 2147483647;
			files = (
			);
			inputFileListPaths = (
			);
			inputPaths = (
				"${PODS_PODFILE_DIR_PATH}/Podfile.lock",
				"${PODS_ROOT}/Manifest.lock",
			);
			name = "[CP] Check Pods Manifest.lock";
			outputFileListPaths = (
			);
			outputPaths = (
				"$(DERIVED_FILE_DIR)/Pods-Dante Patient-checkManifestLockResult.txt",
			);
			runOnlyForDeploymentPostprocessing = 0;
			shellPath = /bin/sh;
			shellScript = "diff \"${PODS_PODFILE_DIR_PATH}/Podfile.lock\" \"${PODS_ROOT}/Manifest.lock\" > /dev/null\nif [ $? != 0 ] ; then\n    # print error to STDERR\n    echo \"error: The sandbox is not in sync with the Podfile.lock. Run 'pod install' or update your CocoaPods installation.\" >&2\n    exit 1\nfi\n# This output is used by Xcode 'outputs' to avoid re-running this script phase.\necho \"SUCCESS\" > \"${SCRIPT_OUTPUT_FILE_0}\"\n";
			showEnvVarsInLog = 0;
		};
/* End PBXShellScriptBuildPhase section */

/* Begin PBXSourcesBuildPhase section */
		DBCCC64022CB292500B00A68 /* Sources */ = {
			isa = PBXSourcesBuildPhase;
			buildActionMask = 2147483647;
			files = (
				DB4CF8E522E3D85B00F50A41 /* PrevRoomsTableViewCell.swift in Sources */,
				DBA917C622D939560088A520 /* PinRefViewController.swift in Sources */,
				DBA8118322DABADB006CE057 /* ActivateAcctViewController.swift in Sources */,
				DBA917C822D93A2B0088A520 /* PinRefTableViewCell.swift in Sources */,
				DBF45F1D22E41E2F00A18C7B /* UIViewControllerExtension.swift in Sources */,
				DB4A0EE522D5CC3B00F6EC57 /* SignInViewController.swift in Sources */,
				DBCCC64A22CB292500B00A68 /* OncMapViewController.swift in Sources */,
				DBCCC64822CB292500B00A68 /* AppDelegate.swift in Sources */,
				DBCCC65A22CB412700B00A68 /* UIViewExtension.swift in Sources */,
				DBF45F3422E466E300A18C7B /* VisitsHistoryViewController.swift in Sources */,
				DBFF5B7A22E1A12700DFDA43 /* Beacons.swift in Sources */,
				DBF45F1922E41DDD00A18C7B /* UITextFieldExtension.swift in Sources */,
				DBA8118022DA96BD006CE057 /* ProfileViewController.swift in Sources */,
				DBF45F1B22E41E0300A18C7B /* UIButtonExtension.swift in Sources */,
				DB4CF8E122E3994C00F50A41 /* TimeTrackingViewController.swift in Sources */,
				DB4CF8E322E3D83400F50A41 /* CurrRoomTableViewCell.swift in Sources */,
				DBF45F3622E4671400A18C7B /* DateCollectionViewCell.swift in Sources */,
				DB837A2A22D9CF0A003F3A4E /* TouchIDAuthentication.swift in Sources */,
			);
			runOnlyForDeploymentPostprocessing = 0;
		};
/* End PBXSourcesBuildPhase section */

/* Begin PBXVariantGroup section */
		DBCCC64B22CB292500B00A68 /* Main.storyboard */ = {
			isa = PBXVariantGroup;
			children = (
				DBCCC64C22CB292500B00A68 /* Base */,
			);
			name = Main.storyboard;
			sourceTree = "<group>";
		};
		DBCCC65022CB292900B00A68 /* LaunchScreen.storyboard */ = {
			isa = PBXVariantGroup;
			children = (
				DBCCC65122CB292900B00A68 /* Base */,
			);
			name = LaunchScreen.storyboard;
			sourceTree = "<group>";
		};
/* End PBXVariantGroup section */

/* Begin XCBuildConfiguration section */
		DBCCC65422CB292900B00A68 /* Debug */ = {
			isa = XCBuildConfiguration;
			buildSettings = {
				ALWAYS_SEARCH_USER_PATHS = NO;
				CLANG_ANALYZER_NONNULL = YES;
				CLANG_ANALYZER_NUMBER_OBJECT_CONVERSION = YES_AGGRESSIVE;
				CLANG_CXX_LANGUAGE_STANDARD = "gnu++14";
				CLANG_CXX_LIBRARY = "libc++";
				CLANG_ENABLE_MODULES = YES;
				CLANG_ENABLE_OBJC_ARC = YES;
				CLANG_ENABLE_OBJC_WEAK = YES;
				CLANG_WARN_BLOCK_CAPTURE_AUTORELEASING = YES;
				CLANG_WARN_BOOL_CONVERSION = YES;
				CLANG_WARN_COMMA = YES;
				CLANG_WARN_CONSTANT_CONVERSION = YES;
				CLANG_WARN_DEPRECATED_OBJC_IMPLEMENTATIONS = YES;
				CLANG_WARN_DIRECT_OBJC_ISA_USAGE = YES_ERROR;
				CLANG_WARN_DOCUMENTATION_COMMENTS = YES;
				CLANG_WARN_EMPTY_BODY = YES;
				CLANG_WARN_ENUM_CONVERSION = YES;
				CLANG_WARN_INFINITE_RECURSION = YES;
				CLANG_WARN_INT_CONVERSION = YES;
				CLANG_WARN_NON_LITERAL_NULL_CONVERSION = YES;
				CLANG_WARN_OBJC_IMPLICIT_RETAIN_SELF = YES;
				CLANG_WARN_OBJC_LITERAL_CONVERSION = YES;
				CLANG_WARN_OBJC_ROOT_CLASS = YES_ERROR;
				CLANG_WARN_RANGE_LOOP_ANALYSIS = YES;
				CLANG_WARN_STRICT_PROTOTYPES = YES;
				CLANG_WARN_SUSPICIOUS_MOVE = YES;
				CLANG_WARN_UNGUARDED_AVAILABILITY = YES_AGGRESSIVE;
				CLANG_WARN_UNREACHABLE_CODE = YES;
				CLANG_WARN__DUPLICATE_METHOD_MATCH = YES;
				CODE_SIGN_IDENTITY = "iPhone Developer";
				COPY_PHASE_STRIP = NO;
				DEBUG_INFORMATION_FORMAT = dwarf;
				ENABLE_STRICT_OBJC_MSGSEND = YES;
				ENABLE_TESTABILITY = YES;
				GCC_C_LANGUAGE_STANDARD = gnu11;
				GCC_DYNAMIC_NO_PIC = NO;
				GCC_NO_COMMON_BLOCKS = YES;
				GCC_OPTIMIZATION_LEVEL = 0;
				GCC_PREPROCESSOR_DEFINITIONS = (
					"DEBUG=1",
					"$(inherited)",
				);
				GCC_WARN_64_TO_32_BIT_CONVERSION = YES;
				GCC_WARN_ABOUT_RETURN_TYPE = YES_ERROR;
				GCC_WARN_UNDECLARED_SELECTOR = YES;
				GCC_WARN_UNINITIALIZED_AUTOS = YES_AGGRESSIVE;
				GCC_WARN_UNUSED_FUNCTION = YES;
				GCC_WARN_UNUSED_VARIABLE = YES;
				IPHONEOS_DEPLOYMENT_TARGET = 12.2;
				MTL_ENABLE_DEBUG_INFO = INCLUDE_SOURCE;
				MTL_FAST_MATH = YES;
				ONLY_ACTIVE_ARCH = YES;
				SDKROOT = iphoneos;
				SWIFT_ACTIVE_COMPILATION_CONDITIONS = DEBUG;
				SWIFT_OPTIMIZATION_LEVEL = "-Onone";
			};
			name = Debug;
		};
		DBCCC65522CB292900B00A68 /* Release */ = {
			isa = XCBuildConfiguration;
			buildSettings = {
				ALWAYS_SEARCH_USER_PATHS = NO;
				CLANG_ANALYZER_NONNULL = YES;
				CLANG_ANALYZER_NUMBER_OBJECT_CONVERSION = YES_AGGRESSIVE;
				CLANG_CXX_LANGUAGE_STANDARD = "gnu++14";
				CLANG_CXX_LIBRARY = "libc++";
				CLANG_ENABLE_MODULES = YES;
				CLANG_ENABLE_OBJC_ARC = YES;
				CLANG_ENABLE_OBJC_WEAK = YES;
				CLANG_WARN_BLOCK_CAPTURE_AUTORELEASING = YES;
				CLANG_WARN_BOOL_CONVERSION = YES;
				CLANG_WARN_COMMA = YES;
				CLANG_WARN_CONSTANT_CONVERSION = YES;
				CLANG_WARN_DEPRECATED_OBJC_IMPLEMENTATIONS = YES;
				CLANG_WARN_DIRECT_OBJC_ISA_USAGE = YES_ERROR;
				CLANG_WARN_DOCUMENTATION_COMMENTS = YES;
				CLANG_WARN_EMPTY_BODY = YES;
				CLANG_WARN_ENUM_CONVERSION = YES;
				CLANG_WARN_INFINITE_RECURSION = YES;
				CLANG_WARN_INT_CONVERSION = YES;
				CLANG_WARN_NON_LITERAL_NULL_CONVERSION = YES;
				CLANG_WARN_OBJC_IMPLICIT_RETAIN_SELF = YES;
				CLANG_WARN_OBJC_LITERAL_CONVERSION = YES;
				CLANG_WARN_OBJC_ROOT_CLASS = YES_ERROR;
				CLANG_WARN_RANGE_LOOP_ANALYSIS = YES;
				CLANG_WARN_STRICT_PROTOTYPES = YES;
				CLANG_WARN_SUSPICIOUS_MOVE = YES;
				CLANG_WARN_UNGUARDED_AVAILABILITY = YES_AGGRESSIVE;
				CLANG_WARN_UNREACHABLE_CODE = YES;
				CLANG_WARN__DUPLICATE_METHOD_MATCH = YES;
				CODE_SIGN_IDENTITY = "iPhone Developer";
				COPY_PHASE_STRIP = NO;
				DEBUG_INFORMATION_FORMAT = "dwarf-with-dsym";
				ENABLE_NS_ASSERTIONS = NO;
				ENABLE_STRICT_OBJC_MSGSEND = YES;
				GCC_C_LANGUAGE_STANDARD = gnu11;
				GCC_NO_COMMON_BLOCKS = YES;
				GCC_WARN_64_TO_32_BIT_CONVERSION = YES;
				GCC_WARN_ABOUT_RETURN_TYPE = YES_ERROR;
				GCC_WARN_UNDECLARED_SELECTOR = YES;
				GCC_WARN_UNINITIALIZED_AUTOS = YES_AGGRESSIVE;
				GCC_WARN_UNUSED_FUNCTION = YES;
				GCC_WARN_UNUSED_VARIABLE = YES;
				IPHONEOS_DEPLOYMENT_TARGET = 12.2;
				MTL_ENABLE_DEBUG_INFO = NO;
				MTL_FAST_MATH = YES;
				SDKROOT = iphoneos;
				SWIFT_COMPILATION_MODE = wholemodule;
				SWIFT_OPTIMIZATION_LEVEL = "-O";
				VALIDATE_PRODUCT = YES;
			};
			name = Release;
		};
		DBCCC65722CB292900B00A68 /* Debug */ = {
			isa = XCBuildConfiguration;
			baseConfigurationReference = 9E5D9A74D41EC12E8A1CF669 /* Pods-Dante Patient.debug.xcconfig */;
			buildSettings = {
				ASSETCATALOG_COMPILER_APPICON_NAME = AppIcon;
				CODE_SIGN_IDENTITY = "iPhone Developer";
				CODE_SIGN_STYLE = Automatic;
				DEVELOPMENT_TEAM = 4UZRYSG2AZ;
				INFOPLIST_FILE = "Dante Patient/Info.plist";
				LD_RUNPATH_SEARCH_PATHS = (
					"$(inherited)",
					"@executable_path/Frameworks",
				);
				PRODUCT_BUNDLE_IDENTIFIER = "com.xhl.patient-dante";
				PRODUCT_NAME = "$(TARGET_NAME)";
				PROVISIONING_PROFILE_SPECIFIER = "";
				SWIFT_VERSION = 5.0;
				TARGETED_DEVICE_FAMILY = "1,2";
			};
			name = Debug;
		};
		DBCCC65822CB292900B00A68 /* Release */ = {
			isa = XCBuildConfiguration;
			baseConfigurationReference = 73DAB50266CD4D0CEF54150A /* Pods-Dante Patient.release.xcconfig */;
			buildSettings = {
				ASSETCATALOG_COMPILER_APPICON_NAME = AppIcon;
				CODE_SIGN_IDENTITY = "iPhone Developer";
				CODE_SIGN_STYLE = Automatic;
				DEVELOPMENT_TEAM = 4UZRYSG2AZ;
				INFOPLIST_FILE = "Dante Patient/Info.plist";
				LD_RUNPATH_SEARCH_PATHS = (
					"$(inherited)",
					"@executable_path/Frameworks",
				);
				PRODUCT_BUNDLE_IDENTIFIER = "com.xhl.patient-dante";
				PRODUCT_NAME = "$(TARGET_NAME)";
				PROVISIONING_PROFILE_SPECIFIER = "";
				SWIFT_VERSION = 5.0;
				TARGETED_DEVICE_FAMILY = "1,2";
			};
			name = Release;
		};
/* End XCBuildConfiguration section */

/* Begin XCConfigurationList section */
		DBCCC63F22CB292500B00A68 /* Build configuration list for PBXProject "Dante Patient" */ = {
			isa = XCConfigurationList;
			buildConfigurations = (
				DBCCC65422CB292900B00A68 /* Debug */,
				DBCCC65522CB292900B00A68 /* Release */,
			);
			defaultConfigurationIsVisible = 0;
			defaultConfigurationName = Release;
		};
		DBCCC65622CB292900B00A68 /* Build configuration list for PBXNativeTarget "Dante Patient" */ = {
			isa = XCConfigurationList;
			buildConfigurations = (
				DBCCC65722CB292900B00A68 /* Debug */,
				DBCCC65822CB292900B00A68 /* Release */,
			);
			defaultConfigurationIsVisible = 0;
			defaultConfigurationName = Release;
		};
/* End XCConfigurationList section */
	};
	rootObject = DBCCC63C22CB292500B00A68 /* Project object */;
}
